
Microsoft Visual Studio Solution File, Format Version 12.00
# Visual Studio Version 17
VisualStudioVersion = 17.12.35527.113
MinimumVisualStudioVersion = 10.0.40219.1
Project("{FAE04EC0-301F-11D3-BF4B-00C04F79EFBC}") = "PriceAnalytics", "PriceAnalytics\PriceAnalytics.csproj", "{32428D03-0C45-4C0E-AFF9-72182449BB99}"
EndProject
Project("{FAE04EC0-301F-11D3-BF4B-00C04F79EFBC}") = "PriceAnalytics.Bll", "PriceAnalytics.Bll\PriceAnalytics.Bll.csproj", "{C348F77F-88FD-4609-A322-D962403F227E}"
EndProject
Project("{FAE04EC0-301F-11D3-BF4B-00C04F79EFBC}") = "PriceAnalytics.DAL", "PriceAnalytics.DAL\PriceAnalytics.DAL.csproj", "{8AB0D629-4A92-48B5-92A2-C79FD427B79C}"
EndProject
Project("{FAE04EC0-301F-11D3-BF4B-00C04F79EFBC}") = "PriceAnalytics.Core", "PriceAnalytics.Core\PriceAnalytics.Core.csproj", "{8F25CD3F-5D85-4B24-9531-93885CB09A9D}"
EndProject
Project("{FAE04EC0-301F-11D3-BF4B-00C04F79EFBC}") = "PriceAnalytics.Infrastructure", "PriceAnalytics.Infrastructure\PriceAnalytics.Infrastructure.csproj", "{A3012C61-6678-4DC9-BB44-367C7DDCA5BD}"
EndProject
Global
	GlobalSection(SolutionConfigurationPlatforms) = preSolution
		Debug|Any CPU = Debug|Any CPU
		Release|Any CPU = Release|Any CPU
		Test|Any CPU = Test|Any CPU
	EndGlobalSection
	GlobalSection(ProjectConfigurationPlatforms) = postSolution
		{32428D03-0C45-4C0E-AFF9-72182449BB99}.Debug|Any CPU.ActiveCfg = Debug|Any CPU
		{32428D03-0C45-4C0E-AFF9-72182449BB99}.Debug|Any CPU.Build.0 = Debug|Any CPU
		{32428D03-0C45-4C0E-AFF9-72182449BB99}.Release|Any CPU.ActiveCfg = Release|Any CPU
		{32428D03-0C45-4C0E-AFF9-72182449BB99}.Release|Any CPU.Build.0 = Release|Any CPU
		{32428D03-0C45-4C0E-AFF9-72182449BB99}.Test|Any CPU.ActiveCfg = Test|Any CPU
		{32428D03-0C45-4C0E-AFF9-72182449BB99}.Test|Any CPU.Build.0 = Test|Any CPU
		{C348F77F-88FD-4609-A322-D962403F227E}.Debug|Any CPU.ActiveCfg = Debug|Any CPU
		{C348F77F-88FD-4609-A322-D962403F227E}.Debug|Any CPU.Build.0 = Debug|Any CPU
		{C348F77F-88FD-4609-A322-D962403F227E}.Release|Any CPU.ActiveCfg = Release|Any CPU
		{C348F77F-88FD-4609-A322-D962403F227E}.Release|Any CPU.Build.0 = Release|Any CPU
		{C348F77F-88FD-4609-A322-D962403F227E}.Test|Any CPU.ActiveCfg = Release|Any CPU
		{C348F77F-88FD-4609-A322-D962403F227E}.Test|Any CPU.Build.0 = Release|Any CPU
		{8AB0D629-4A92-48B5-92A2-C79FD427B79C}.Debug|Any CPU.ActiveCfg = Debug|Any CPU
		{8AB0D629-4A92-48B5-92A2-C79FD427B79C}.Debug|Any CPU.Build.0 = Debug|Any CPU
		{8AB0D629-4A92-48B5-92A2-C79FD427B79C}.Release|Any CPU.ActiveCfg = Release|Any CPU
		{8AB0D629-4A92-48B5-92A2-C79FD427B79C}.Release|Any CPU.Build.0 = Release|Any CPU
		{8AB0D629-4A92-48B5-92A2-C79FD427B79C}.Test|Any CPU.ActiveCfg = Release|Any CPU
		{8AB0D629-4A92-48B5-92A2-C79FD427B79C}.Test|Any CPU.Build.0 = Release|Any CPU
		{8F25CD3F-5D85-4B24-9531-93885CB09A9D}.Debug|Any CPU.ActiveCfg = Debug|Any CPU
		{8F25CD3F-5D85-4B24-9531-93885CB09A9D}.Debug|Any CPU.Build.0 = Debug|Any CPU
		{8F25CD3F-5D85-4B24-9531-93885CB09A9D}.Release|Any CPU.ActiveCfg = Release|Any CPU
		{8F25CD3F-5D85-4B24-9531-93885CB09A9D}.Release|Any CPU.Build.0 = Release|Any CPU
		{8F25CD3F-5D85-4B24-9531-93885CB09A9D}.Test|Any CPU.ActiveCfg = Release|Any CPU
		{8F25CD3F-5D85-4B24-9531-93885CB09A9D}.Test|Any CPU.Build.0 = Release|Any CPU
		{A3012C61-6678-4DC9-BB44-367C7DDCA5BD}.Debug|Any CPU.ActiveCfg = Debug|Any CPU
		{A3012C61-6678-4DC9-BB44-367C7DDCA5BD}.Debug|Any CPU.Build.0 = Debug|Any CPU
		{A3012C61-6678-4DC9-BB44-367C7DDCA5BD}.Release|Any CPU.ActiveCfg = Release|Any CPU
		{A3012C61-6678-4DC9-BB44-367C7DDCA5BD}.Release|Any CPU.Build.0 = Release|Any CPU
		{A3012C61-6678-4DC9-BB44-367C7DDCA5BD}.Test|Any CPU.ActiveCfg = Release|Any CPU
		{A3012C61-6678-4DC9-BB44-367C7DDCA5BD}.Test|Any CPU.Build.0 = Release|Any CPU
	EndGlobalSection
	GlobalSection(SolutionProperties) = preSolution
		HideSolutionNode = FALSE
	EndGlobalSection
	GlobalSection(ExtensibilityGlobals) = postSolution
		SolutionGuid = {3A8DDF3A-696C-49AD-A30B-67F3B66A87E9}
	EndGlobalSection
EndGlobal
